# This file is automatically @generated by Cargo.
# It is not intended for manual editing.
version = 3

[[package]]
name = "p186_connectedness_of_a_network"
version = "0.1.0"
dependencies = [
 "union-find",
]

[[package]]
name = "union-find"
version = "0.3.1"
source = "registry+https://github.com/rust-lang/crates.io-index"
checksum = "0ba0d64ea52cffbcd70bf9522faa2465011b4d182253e70018c46c397334f4b0"
