# This file is automatically @generated by Cargo.
# It is not intended for manual editing.
version = 3

[[package]]
name = "itertools"
version = "0.3.25"
source = "registry+https://github.com/rust-lang/crates.io-index"
checksum = "16b73f1c685cfd8ff8d75698ed87e6188cd09944b30c0863d45c2c3699d1da0c"

[[package]]
name = "p096_su_doku"
version = "0.0.1"
dependencies = [
 "itertools",
]
