[[package]]
name = "096_su_doku"
version = "0.0.1"
dependencies = [
 "itertools 0.3.25 (registry+https://github.com/rust-lang/crates.io-index)",
]

[[package]]
name = "itertools"
version = "0.3.25"
source = "registry+https://github.com/rust-lang/crates.io-index"

[metadata]
"checksum itertools 0.3.25 (registry+https://github.com/rust-lang/crates.io-index)" = "16b73f1c685cfd8ff8d75698ed87e6188cd09944b30c0863d45c2c3699d1da0c"
