[[package]]
name = "461_almost_pi"
version = "0.1.0"
dependencies = [
 "ord_subset 1.0.0 (registry+https://github.com/rust-lang/crates.io-index)",
]

[[package]]
name = "ord_subset"
version = "1.0.0"
source = "registry+https://github.com/rust-lang/crates.io-index"

[metadata]
"checksum ord_subset 1.0.0 (registry+https://github.com/rust-lang/crates.io-index)" = "ab609f176b3c37b1197c972ecedef80c0a35dfba84ac1eee4167d389b28655f0"
