# This file is automatically @generated by Cargo.
# It is not intended for manual editing.
version = 3

[[package]]
name = "ord_subset"
version = "1.0.0"
source = "registry+https://github.com/rust-lang/crates.io-index"
checksum = "ab609f176b3c37b1197c972ecedef80c0a35dfba84ac1eee4167d389b28655f0"

[[package]]
name = "p461_almost_pi"
version = "0.1.0"
dependencies = [
 "ord_subset",
]
