# This file is automatically @generated by Cargo.
# It is not intended for manual editing.
version = 3

[[package]]
name = "itertools"
version = "0.4.3"
source = "registry+https://github.com/rust-lang/crates.io-index"
checksum = "20707e41669ae77e21bebd5c5ac30b15fd666a5c5039b0ac3e4a44c27c041af3"

[[package]]
name = "p166_criss_cross"
version = "0.1.0"
dependencies = [
 "itertools",
]
