# This file is automatically @generated by Cargo.
# It is not intended for manual editing.
version = 3

[[package]]
name = "bit-vec"
version = "0.5.0"
source = "registry+https://github.com/rust-lang/crates.io-index"
checksum = "4440d5cb623bb7390ae27fec0bb6c61111969860f8e3ae198bfa0663645e67cf"

[[package]]
name = "euler_utils"
version = "0.1.0"
dependencies = [
 "bit-vec",
]

[[package]]
name = "p425_prime_connection"
version = "0.1.0"
dependencies = [
 "euler_utils",
]
