# This file is automatically @generated by Cargo.
# It is not intended for manual editing.
version = 3

[[package]]
name = "p095_amicable_chains"
version = "0.1.0"
dependencies = [
 "vec_map",
]

[[package]]
name = "vec_map"
version = "0.3.0"
source = "registry+https://github.com/rust-lang/crates.io-index"
checksum = "abf0c8f70bc6bfd86be8a924eeb8574ff98a6a6c0878eca751d361cafd327e85"
