[[package]]
name = "085_Counting_rectangles"
version = "0.1.0"
dependencies = [
 "itertools 0.4.1 (registry+https://github.com/rust-lang/crates.io-index)",
]

[[package]]
name = "itertools"
version = "0.4.1"
source = "registry+https://github.com/rust-lang/crates.io-index"

[metadata]
"checksum itertools 0.4.1 (registry+https://github.com/rust-lang/crates.io-index)" = "2df3aa0da1b05371d001971bde318b1eeeebfdb62c50ecf057263b6b78d9145e"
