# This file is automatically @generated by Cargo.
# It is not intended for manual editing.
version = 3

[[package]]
name = "autocfg"
version = "1.0.1"
source = "registry+https://github.com/rust-lang/crates.io-index"
checksum = "cdb031dd78e28731d87d56cc8ffef4a8f36ca26c38fe2de700543e627f8a464a"

[[package]]
name = "bit-vec"
version = "0.5.1"
source = "registry+https://github.com/rust-lang/crates.io-index"
checksum = "f59bbe95d4e52a6398ec21238d31577f2b28a9d86807f06ca59d191d8440d0bb"

[[package]]
name = "euler_utils"
version = "0.1.0"
dependencies = [
 "bit-vec",
 "num",
 "primal",
]

[[package]]
name = "hamming"
version = "0.1.3"
source = "registry+https://github.com/rust-lang/crates.io-index"
checksum = "65043da274378d68241eb9a8f8f8aa54e349136f7b8e12f63e3ef44043cc30e1"

[[package]]
name = "num"
version = "0.4.0"
source = "registry+https://github.com/rust-lang/crates.io-index"
checksum = "43db66d1170d347f9a065114077f7dccb00c1b9478c89384490a3425279a4606"
dependencies = [
 "num-bigint",
 "num-complex",
 "num-integer",
 "num-iter",
 "num-rational",
 "num-traits",
]

[[package]]
name = "num-bigint"
version = "0.4.3"
source = "registry+https://github.com/rust-lang/crates.io-index"
checksum = "f93ab6289c7b344a8a9f60f88d80aa20032336fe78da341afc91c8a2341fc75f"
dependencies = [
 "autocfg",
 "num-integer",
 "num-traits",
]

[[package]]
name = "num-complex"
version = "0.4.0"
source = "registry+https://github.com/rust-lang/crates.io-index"
checksum = "26873667bbbb7c5182d4a37c1add32cdf09f841af72da53318fdb81543c15085"
dependencies = [
 "num-traits",
]

[[package]]
name = "num-integer"
version = "0.1.44"
source = "registry+https://github.com/rust-lang/crates.io-index"
checksum = "d2cc698a63b549a70bc047073d2949cce27cd1c7b0a4a862d08a8031bc2801db"
dependencies = [
 "autocfg",
 "num-traits",
]

[[package]]
name = "num-iter"
version = "0.1.42"
source = "registry+https://github.com/rust-lang/crates.io-index"
checksum = "b2021c8337a54d21aca0d59a92577a029af9431cb59b909b03252b9c164fad59"
dependencies = [
 "autocfg",
 "num-integer",
 "num-traits",
]

[[package]]
name = "num-rational"
version = "0.4.0"
source = "registry+https://github.com/rust-lang/crates.io-index"
checksum = "d41702bd167c2df5520b384281bc111a4b5efcf7fbc4c9c222c815b07e0a6a6a"
dependencies = [
 "autocfg",
 "num-bigint",
 "num-integer",
 "num-traits",
]

[[package]]
name = "num-traits"
version = "0.2.14"
source = "registry+https://github.com/rust-lang/crates.io-index"
checksum = "9a64b1ec5cda2586e284722486d802acf1f7dbdc623e2bfc57e65ca1cd099290"
dependencies = [
 "autocfg",
]

[[package]]
name = "p129_repunit_divisibility"
version = "0.1.0"
dependencies = [
 "euler_utils",
 "num",
 "primal",
]

[[package]]
name = "primal"
version = "0.3.2"
source = "registry+https://github.com/rust-lang/crates.io-index"
checksum = "4b53cc99c892c461727618e8a63806c94b09ae13c494dc5fc70a7557b3a2f071"
dependencies = [
 "primal-check",
 "primal-estimate",
 "primal-sieve",
]

[[package]]
name = "primal-bit"
version = "0.3.1"
source = "registry+https://github.com/rust-lang/crates.io-index"
checksum = "6ce4fe11b2a87850ca3bd5dc9c7cb9f66e32a09edab221be406ac5ff677f2241"
dependencies = [
 "hamming",
]

[[package]]
name = "primal-check"
version = "0.3.3"
source = "registry+https://github.com/rust-lang/crates.io-index"
checksum = "9df7f93fd637f083201473dab4fee2db4c429d32e55e3299980ab3957ab916a0"
dependencies = [
 "num-integer",
]

[[package]]
name = "primal-estimate"
version = "0.3.2"
source = "registry+https://github.com/rust-lang/crates.io-index"
checksum = "7374f14c76f23e1271e6be806981ac5dd9e52b59132b0a2f10bcc412495f9159"

[[package]]
name = "primal-sieve"
version = "0.3.6"
source = "registry+https://github.com/rust-lang/crates.io-index"
checksum = "9f2a14766f8c543620824b5b2cec356abf2681b76966a7ac4b4ed2c0011e696a"
dependencies = [
 "primal-bit",
 "primal-estimate",
 "smallvec",
]

[[package]]
name = "smallvec"
version = "1.10.0"
source = "registry+https://github.com/rust-lang/crates.io-index"
checksum = "a507befe795404456341dfab10cef66ead4c041f62b8b11bbb92bffe5d0953e0"
