# This file is automatically @generated by Cargo.
# It is not intended for manual editing.
version = 3

[[package]]
name = "fnv"
version = "1.0.5"
source = "registry+https://github.com/rust-lang/crates.io-index"
checksum = "6cc484842f1e2884faf56f529f960cc12ad8c71ce96cc7abba0a067c98fee344"

[[package]]
name = "hamming"
version = "0.1.3"
source = "registry+https://github.com/rust-lang/crates.io-index"
checksum = "65043da274378d68241eb9a8f8f8aa54e349136f7b8e12f63e3ef44043cc30e1"

[[package]]
name = "libc"
version = "0.2.21"
source = "registry+https://github.com/rust-lang/crates.io-index"
checksum = "88ee81885f9f04bff991e306fea7c1c60a5f0f9e409e99f6b40e3311a3363135"

[[package]]
name = "num"
version = "0.1.37"
source = "registry+https://github.com/rust-lang/crates.io-index"
checksum = "98b15ba84e910ea7a1973bccd3df7b31ae282bf9d8bd2897779950c9b8303d40"
dependencies = [
 "num-bigint",
 "num-complex",
 "num-integer",
 "num-iter",
 "num-rational",
 "num-traits",
]

[[package]]
name = "num-bigint"
version = "0.1.37"
source = "registry+https://github.com/rust-lang/crates.io-index"
checksum = "ba6d838b16e56da1b6c383d065ff1ec3c7d7797f65a3e8f6ba7092fd87820bac"
dependencies = [
 "num-integer",
 "num-traits",
 "rand",
 "rustc-serialize",
]

[[package]]
name = "num-complex"
version = "0.1.36"
source = "registry+https://github.com/rust-lang/crates.io-index"
checksum = "3534898d8a1f6b16c12f9fc2f4eaabc7ecdcc55f267213caa8988fdc7d60ff94"
dependencies = [
 "num-traits",
 "rustc-serialize",
]

[[package]]
name = "num-integer"
version = "0.1.33"
source = "registry+https://github.com/rust-lang/crates.io-index"
checksum = "21e4df1098d1d797d27ef0c69c178c3fab64941559b290fcae198e0825c9c8b5"
dependencies = [
 "num-traits",
]

[[package]]
name = "num-iter"
version = "0.1.33"
source = "registry+https://github.com/rust-lang/crates.io-index"
checksum = "f7d1891bd7b936f12349b7d1403761c8a0b85a18b148e9da4429d5d102c1a41e"
dependencies = [
 "num-integer",
 "num-traits",
]

[[package]]
name = "num-rational"
version = "0.1.36"
source = "registry+https://github.com/rust-lang/crates.io-index"
checksum = "c2dc5ea04020a8f18318ae485c751f8cfa1c0e69dcf465c29ddaaa64a313cc44"
dependencies = [
 "num-bigint",
 "num-integer",
 "num-traits",
 "rustc-serialize",
]

[[package]]
name = "num-traits"
version = "0.1.37"
source = "registry+https://github.com/rust-lang/crates.io-index"
checksum = "e1cbfa3781f3fe73dc05321bed52a06d2d491eaa764c52335cf4399f046ece99"

[[package]]
name = "p581_47_smooth_triangle_numbers"
version = "0.1.0"
dependencies = [
 "fnv",
 "primal",
]

[[package]]
name = "primal"
version = "0.2.3"
source = "registry+https://github.com/rust-lang/crates.io-index"
checksum = "0e31b86efadeaeb1235452171a66689682783149a6249ff334a2c5d8218d00a4"
dependencies = [
 "primal-check",
 "primal-estimate",
 "primal-sieve",
]

[[package]]
name = "primal-bit"
version = "0.2.3"
source = "registry+https://github.com/rust-lang/crates.io-index"
checksum = "464a91febc06166783d4f5ba3577b5ed8dda8e421012df80bfe48a971ed7be8f"
dependencies = [
 "hamming",
]

[[package]]
name = "primal-check"
version = "0.2.2"
source = "registry+https://github.com/rust-lang/crates.io-index"
checksum = "647c81b67bb9551a7b88d0bcd785ac35b7d0bf4b2f358683d7c2375d04daec51"
dependencies = [
 "num",
]

[[package]]
name = "primal-estimate"
version = "0.2.1"
source = "registry+https://github.com/rust-lang/crates.io-index"
checksum = "56ea4531dde757b56906493c8604641da14607bf9cdaa80fb9c9cabd2429f8d5"

[[package]]
name = "primal-sieve"
version = "0.2.6"
source = "registry+https://github.com/rust-lang/crates.io-index"
checksum = "943788ecb9a362697c46acf6b58164c3fb4e13af576f036af1bbd15b2174151a"
dependencies = [
 "hamming",
 "primal-bit",
 "primal-estimate",
]

[[package]]
name = "rand"
version = "0.3.15"
source = "registry+https://github.com/rust-lang/crates.io-index"
checksum = "022e0636ec2519ddae48154b028864bdce4eaf7d35226ab8e65c611be97b189d"
dependencies = [
 "libc",
]

[[package]]
name = "rustc-serialize"
version = "0.3.23"
source = "registry+https://github.com/rust-lang/crates.io-index"
checksum = "684ce48436d6465300c9ea783b6b14c4361d6b8dcbb1375b486a69cc19e2dfb0"
