# This file is automatically @generated by Cargo.
# It is not intended for manual editing.
version = 3

[[package]]
name = "itertools"
version = "0.4.2"
source = "registry+https://github.com/rust-lang/crates.io-index"
checksum = "ca5b65c47287ebca6d1ef0a9850abb452dc87e302884818368d1764606dc8b6b"

[[package]]
name = "p174_counting_laminae_arrangements"
version = "0.1.0"
dependencies = [
 "itertools",
]
