[[package]]
name = "139_Pythagorean_tiles"
version = "0.1.0"
dependencies = [
 "prime 0.0.1",
]

[[package]]
name = "bit-vec"
version = "0.4.1"
source = "registry+https://github.com/rust-lang/crates.io-index"

[[package]]
name = "prime"
version = "0.0.1"
dependencies = [
 "bit-vec 0.4.1 (registry+https://github.com/rust-lang/crates.io-index)",
]

[metadata]
"checksum bit-vec 0.4.1 (registry+https://github.com/rust-lang/crates.io-index)" = "057cd5242bbee798117efc4d100599ad265af8a97d213b54141159ed7795adcf"
