# This file is automatically @generated by Cargo.
# It is not intended for manual editing.
version = 3

[[package]]
name = "itertools"
version = "0.4.1"
source = "registry+https://github.com/rust-lang/crates.io-index"
checksum = "2df3aa0da1b05371d001971bde318b1eeeebfdb62c50ecf057263b6b78d9145e"

[[package]]
name = "p085_counting_rectangles"
version = "0.1.0"
dependencies = [
 "itertools",
]
