[[package]]
name = "095_Amicable_chains"
version = "0.1.0"
dependencies = [
 "vec_map 0.3.0 (registry+https://github.com/rust-lang/crates.io-index)",
]

[[package]]
name = "vec_map"
version = "0.3.0"
source = "registry+https://github.com/rust-lang/crates.io-index"

[metadata]
"checksum vec_map 0.3.0 (registry+https://github.com/rust-lang/crates.io-index)" = "abf0c8f70bc6bfd86be8a924eeb8574ff98a6a6c0878eca751d361cafd327e85"
